
Microsoft Visual Studio Solution File, Format Version 12.00
# Visual Studio Version 17
VisualStudioVersion = 17.1.32421.90
MinimumVisualStudioVersion = 10.0.40219.1
Project("{9A19103F-16F7-4668-BE54-9A1E7A4F7556}") = "Demo_45", "Demo_45\Demo_45.csproj", "{14E4A43E-E8FD-46F7-AD89-DE032425FD77}"
EndProject
Project("{FAE04EC0-301F-11D3-BF4B-00C04F79EFBC}") = "TestProject1", "TestProject1\TestProject1.csproj", "{DCFDC35A-6C49-435A-8997-6F9D570B8E88}"
EndProject
Global
	GlobalSection(SolutionConfigurationPlatforms) = preSolution
		Debug|Any CPU = Debug|Any CPU
		Release|Any CPU = Release|Any CPU
	EndGlobalSection
	GlobalSection(ProjectConfigurationPlatforms) = postSolution
		{14E4A43E-E8FD-46F7-AD89-DE032425FD77}.Debug|Any CPU.ActiveCfg = Debug|Any CPU
		{14E4A43E-E8FD-46F7-AD89-DE032425FD77}.Debug|Any CPU.Build.0 = Debug|Any CPU
		{14E4A43E-E8FD-46F7-AD89-DE032425FD77}.Release|Any CPU.ActiveCfg = Release|Any CPU
		{14E4A43E-E8FD-46F7-AD89-DE032425FD77}.Release|Any CPU.Build.0 = Release|Any CPU
		{DCFDC35A-6C49-435A-8997-6F9D570B8E88}.Debug|Any CPU.ActiveCfg = Debug|Any CPU
		{DCFDC35A-6C49-435A-8997-6F9D570B8E88}.Debug|Any CPU.Build.0 = Debug|Any CPU
		{DCFDC35A-6C49-435A-8997-6F9D570B8E88}.Release|Any CPU.ActiveCfg = Release|Any CPU
		{DCFDC35A-6C49-435A-8997-6F9D570B8E88}.Release|Any CPU.Build.0 = Release|Any CPU
	EndGlobalSection
	GlobalSection(SolutionProperties) = preSolution
		HideSolutionNode = FALSE
	EndGlobalSection
	GlobalSection(ExtensibilityGlobals) = postSolution
		SolutionGuid = {A64B3600-4AB3-4591-BA67-B01AB97D12E7}
	EndGlobalSection
EndGlobal
